{
  "nodes": {
    "flake-compat": {
      "flake": false,
      "locked": {
        "lastModified": 1761588595,
        "narHash": "sha256-XKUZz9zewJNUj46b4AJdiRZJAvSZ0Dqj2BNfXvFlJC4=",
        "owner": "edolstra",
        "repo": "flake-compat",
        "rev": "f387cd2afec9419c8ee37694406ca490c3f34ee5",
        "type": "github"
      },
      "original": {
        "owner": "edolstra",
        "repo": "flake-compat",
        "type": "github"
      }
    },
    "flake-parts": {
      "inputs": {
        "nixpkgs-lib": [
          "nixpkgs"
        ]
      },
      "locked": {
        "lastModified": 1765495779,
        "narHash": "sha256-MhA7wmo/7uogLxiewwRRmIax70g6q1U/YemqTGoFHlM=",
        "owner": "hercules-ci",
        "repo": "flake-parts",
        "rev": "5635c32d666a59ec9a55cab87e898889869f7b71",
        "type": "github"
      },
      "original": {
        "owner": "hercules-ci",
        "repo": "flake-parts",
        "type": "github"
      }
    },
    "git-hooks": {
      "inputs": {
        "flake-compat": "flake-compat",
        "gitignore": "gitignore",
        "nixpkgs": [
          "nixpkgs"
        ]
      },
      "locked": {
        "lastModified": 1765464257,
        "narHash": "sha256-dixPWKiHzh80PtD0aLuxYNQ0xP+843dfXG/yM3OzaYQ=",
        "owner": "cachix",
        "repo": "git-hooks.nix",
        "rev": "09e45f2598e1a8499c3594fe11ec2943f34fe509",
        "type": "github"
      },
      "original": {
        "owner": "cachix",
        "repo": "git-hooks.nix",
        "type": "github"
      }
    },
    "gitignore": {
      "inputs": {
        "nixpkgs": [
          "git-hooks",
          "nixpkgs"
        ]
      },
      "locked": {
        "lastModified": 1709087332,
        "narHash": "sha256-HG2cCnktfHsKV0s4XW83gU3F57gaTljL9KNSuG6bnQs=",
        "owner": "hercules-ci",
        "repo": "gitignore.nix",
        "rev": "637db329424fd7e46cf4185293b9cc8c88c95394",
        "type": "github"
      },
      "original": {
        "owner": "hercules-ci",
        "repo": "gitignore.nix",
        "type": "github"
      }
    },
    "gitignore_2": {
      "inputs": {
        "nixpkgs": [
          "nixpkgs"
        ]
      },
      "locked": {
        "lastModified": 1762808025,
        "narHash": "sha256-XmjITeZNMTQXGhhww6ed/Wacy2KzD6svioyCX7pkUu4=",
        "owner": "hercules-ci",
        "repo": "gitignore.nix",
        "rev": "cb5e3fdca1de58ccbc3ef53de65bd372b48f567c",
        "type": "github"
      },
      "original": {
        "owner": "hercules-ci",
        "repo": "gitignore.nix",
        "type": "github"
      }
    },
    "nixpkgs": {
      "locked": {
        "lastModified": 1765788909,
        "narHash": "sha256-NC4XRqCSngJ1aYsCKgKggPbtY/MCjpP1JicLOnbyNfY=",
        "owner": "NixOS",
        "repo": "nixpkgs",
        "rev": "44d4ffa9007ec38c38821dccf5266e9404063602",
        "type": "github"
      },
      "original": {
        "owner": "NixOS",
        "repo": "nixpkgs",
        "type": "github"
      }
    },
    "root": {
      "inputs": {
        "flake-parts": "flake-parts",
        "git-hooks": "git-hooks",
        "gitignore": "gitignore_2",
        "nixpkgs": "nixpkgs"
      }
    }
  },
  "root": "root",
  "version": 7
}
